// !$*UTF8*$!
{
	archiveVersion = 1;
	classes = {
	};
	objectVersion = 55;
	objects = {

/* Begin PBXBuildFile section */
		DA4184F32791FF56004B1E48 /* AppDelegate.swift in Sources */ = {isa = PBXBuildFile; fileRef = DA4184F22791FF56004B1E48 /* AppDelegate.swift */; };
		DA4184F52791FF56004B1E48 /* SceneDelegate.swift in Sources */ = {isa = PBXBuildFile; fileRef = DA4184F42791FF56004B1E48 /* SceneDelegate.swift */; };
		DA4184FA2791FF56004B1E48 /* Main.storyboard in Resources */ = {isa = PBXBuildFile; fileRef = DA4184F82791FF56004B1E48 /* Main.storyboard */; };
		DA4184FC2791FF59004B1E48 /* Assets.xcassets in Resources */ = {isa = PBXBuildFile; fileRef = DA4184FB2791FF59004B1E48 /* Assets.xcassets */; };
		DA4184FF2791FF59004B1E48 /* LaunchScreen.storyboard in Resources */ = {isa = PBXBuildFile; fileRef = DA4184FD2791FF59004B1E48 /* LaunchScreen.storyboard */; };
		DA4185072791FFAF004B1E48 /* MovieListViewController.swift in Sources */ = {isa = PBXBuildFile; fileRef = DA4185062791FFAF004B1E48 /* MovieListViewController.swift */; };
		DA41850D27920034004B1E48 /* MovieService.swift in Sources */ = {isa = PBXBuildFile; fileRef = DA41850A27920034004B1E48 /* MovieService.swift */; };
		DA41850E27920034004B1E48 /* MovieStore.swift in Sources */ = {isa = PBXBuildFile; fileRef = DA41850B27920034004B1E48 /* MovieStore.swift */; };
		DA4185122792004D004B1E48 /* Movie.swift in Sources */ = {isa = PBXBuildFile; fileRef = DA4185112792004C004B1E48 /* Movie.swift */; };
/* End PBXBuildFile section */

/* Begin PBXFileReference section */
		DA4184EF2791FF56004B1E48 /* TheMovieList.app */ = {isa = PBXFileReference; explicitFileType = wrapper.application; includeInIndex = 0; path = TheMovieList.app; sourceTree = BUILT_PRODUCTS_DIR; };
		DA4184F22791FF56004B1E48 /* AppDelegate.swift */ = {isa = PBXFileReference; lastKnownFileType = sourcecode.swift; path = AppDelegate.swift; sourceTree = "<group>"; };
		DA4184F42791FF56004B1E48 /* SceneDelegate.swift */ = {isa = PBXFileReference; lastKnownFileType = sourcecode.swift; path = SceneDelegate.swift; sourceTree = "<group>"; };
		DA4184F92791FF56004B1E48 /* Base */ = {isa = PBXFileReference; lastKnownFileType = file.storyboard; name = Base; path = Base.lproj/Main.storyboard; sourceTree = "<group>"; };
		DA4184FB2791FF59004B1E48 /* Assets.xcassets */ = {isa = PBXFileReference; lastKnownFileType = folder.assetcatalog; path = Assets.xcassets; sourceTree = "<group>"; };
		DA4184FE2791FF59004B1E48 /* Base */ = {isa = PBXFileReference; lastKnownFileType = file.storyboard; name = Base; path = Base.lproj/LaunchScreen.storyboard; sourceTree = "<group>"; };
		DA4185002791FF59004B1E48 /* Info.plist */ = {isa = PBXFileReference; lastKnownFileType = text.plist.xml; path = Info.plist; sourceTree = "<group>"; };
		DA4185062791FFAF004B1E48 /* MovieListViewController.swift */ = {isa = PBXFileReference; fileEncoding = 4; lastKnownFileType = sourcecode.swift; path = MovieListViewController.swift; sourceTree = "<group>"; };
		DA41850A27920034004B1E48 /* MovieService.swift */ = {isa = PBXFileReference; fileEncoding = 4; lastKnownFileType = sourcecode.swift; path = MovieService.swift; sourceTree = "<group>"; };
		DA41850B27920034004B1E48 /* MovieStore.swift */ = {isa = PBXFileReference; fileEncoding = 4; lastKnownFileType = sourcecode.swift; path = MovieStore.swift; sourceTree = "<group>"; };
		DA4185112792004C004B1E48 /* Movie.swift */ = {isa = PBXFileReference; fileEncoding = 4; lastKnownFileType = sourcecode.swift; path = Movie.swift; sourceTree = "<group>"; };
/* End PBXFileReference section */

/* Begin PBXFrameworksBuildPhase section */
		DA4184EC2791FF56004B1E48 /* Frameworks */ = {
			isa = PBXFrameworksBuildPhase;
			buildActionMask = 2147483647;
			files = (
			);
			runOnlyForDeploymentPostprocessing = 0;
		};
/* End PBXFrameworksBuildPhase section */

/* Begin PBXGroup section */
		DA4184E62791FF56004B1E48 = {
			isa = PBXGroup;
			children = (
				DA4184F12791FF56004B1E48 /* TheMovieList */,
				DA4184F02791FF56004B1E48 /* Products */,
			);
			sourceTree = "<group>";
		};
		DA4184F02791FF56004B1E48 /* Products */ = {
			isa = PBXGroup;
			children = (
				DA4184EF2791FF56004B1E48 /* TheMovieList.app */,
			);
			name = Products;
			sourceTree = "<group>";
		};
		DA4184F12791FF56004B1E48 /* TheMovieList */ = {
			isa = PBXGroup;
			children = (
				DA4184F22791FF56004B1E48 /* AppDelegate.swift */,
				DA4184F42791FF56004B1E48 /* SceneDelegate.swift */,
				DA4185102792004C004B1E48 /* Model */,
				DA41850827920034004B1E48 /* MovieService */,
				DA41851427941BB5004B1E48 /* ViewControllers */,
				DA41851527941BCA004B1E48 /* Storyboards */,
				DA41851627941BE1004B1E48 /* SupportingFiles */,
			);
			path = TheMovieList;
			sourceTree = "<group>";
		};
		DA41850827920034004B1E48 /* MovieService */ = {
			isa = PBXGroup;
			children = (
				DA41850A27920034004B1E48 /* MovieService.swift */,
				DA41850B27920034004B1E48 /* MovieStore.swift */,
			);
			path = MovieService;
			sourceTree = "<group>";
		};
		DA4185102792004C004B1E48 /* Model */ = {
			isa = PBXGroup;
			children = (
				DA4185112792004C004B1E48 /* Movie.swift */,
			);
			path = Model;
			sourceTree = "<group>";
		};
		DA41851427941BB5004B1E48 /* ViewControllers */ = {
			isa = PBXGroup;
			children = (
				DA4185062791FFAF004B1E48 /* MovieListViewController.swift */,
			);
			path = ViewControllers;
			sourceTree = "<group>";
		};
		DA41851527941BCA004B1E48 /* Storyboards */ = {
			isa = PBXGroup;
			children = (
				DA4184F82791FF56004B1E48 /* Main.storyboard */,
			);
			path = Storyboards;
			sourceTree = "<group>";
		};
		DA41851627941BE1004B1E48 /* SupportingFiles */ = {
			isa = PBXGroup;
			children = (
				DA4184FB2791FF59004B1E48 /* Assets.xcassets */,
				DA4184FD2791FF59004B1E48 /* LaunchScreen.storyboard */,
				DA4185002791FF59004B1E48 /* Info.plist */,
			);
			path = SupportingFiles;
			sourceTree = "<group>";
		};
/* End PBXGroup section */

/* Begin PBXNativeTarget section */
		DA4184EE2791FF56004B1E48 /* TheMovieList */ = {
			isa = PBXNativeTarget;
			buildConfigurationList = DA4185032791FF59004B1E48 /* Build configuration list for PBXNativeTarget "TheMovieList" */;
			buildPhases = (
				DA4184EB2791FF56004B1E48 /* Sources */,
				DA4184EC2791FF56004B1E48 /* Frameworks */,
				DA4184ED2791FF56004B1E48 /* Resources */,
			);
			buildRules = (
			);
			dependencies = (
			);
			name = TheMovieList;
			productName = TheMovieList;
			productReference = DA4184EF2791FF56004B1E48 /* TheMovieList.app */;
			productType = "com.apple.product-type.application";
		};
/* End PBXNativeTarget section */

/* Begin PBXProject section */
		DA4184E72791FF56004B1E48 /* Project object */ = {
			isa = PBXProject;
			attributes = {
				BuildIndependentTargetsInParallel = 1;
				LastSwiftUpdateCheck = 1320;
				LastUpgradeCheck = 1320;
				TargetAttributes = {
					DA4184EE2791FF56004B1E48 = {
						CreatedOnToolsVersion = 13.2;
					};
				};
			};
			buildConfigurationList = DA4184EA2791FF56004B1E48 /* Build configuration list for PBXProject "TheMovieList" */;
			compatibilityVersion = "Xcode 13.0";
			developmentRegion = en;
			hasScannedForEncodings = 0;
			knownRegions = (
				en,
				Base,
			);
			mainGroup = DA4184E62791FF56004B1E48;
			productRefGroup = DA4184F02791FF56004B1E48 /* Products */;
			projectDirPath = "";
			projectRoot = "";
			targets = (
				DA4184EE2791FF56004B1E48 /* TheMovieList */,
			);
		};
/* End PBXProject section */

/* Begin PBXResourcesBuildPhase section */
		DA4184ED2791FF56004B1E48 /* Resources */ = {
			isa = PBXResourcesBuildPhase;
			buildActionMask = 2147483647;
			files = (
				DA4184FF2791FF59004B1E48 /* LaunchScreen.storyboard in Resources */,
				DA4184FC2791FF59004B1E48 /* Assets.xcassets in Resources */,
				DA4184FA2791FF56004B1E48 /* Main.storyboard in Resources */,
			);
			runOnlyForDeploymentPostprocessing = 0;
		};
/* End PBXResourcesBuildPhase section */

/* Begin PBXSourcesBuildPhase section */
		DA4184EB2791FF56004B1E48 /* Sources */ = {
			isa = PBXSourcesBuildPhase;
			buildActionMask = 2147483647;
			files = (
				DA4185122792004D004B1E48 /* Movie.swift in Sources */,
				DA4184F32791FF56004B1E48 /* AppDelegate.swift in Sources */,
				DA4184F52791FF56004B1E48 /* SceneDelegate.swift in Sources */,
				DA41850D27920034004B1E48 /* MovieService.swift in Sources */,
				DA4185072791FFAF004B1E48 /* MovieListViewController.swift in Sources */,
				DA41850E27920034004B1E48 /* MovieStore.swift in Sources */,
			);
			runOnlyForDeploymentPostprocessing = 0;
		};
/* End PBXSourcesBuildPhase section */

/* Begin PBXVariantGroup section */
		DA4184F82791FF56004B1E48 /* Main.storyboard */ = {
			isa = PBXVariantGroup;
			children = (
				DA4184F92791FF56004B1E48 /* Base */,
			);
			name = Main.storyboard;
			sourceTree = "<group>";
		};
		DA4184FD2791FF59004B1E48 /* LaunchScreen.storyboard */ = {
			isa = PBXVariantGroup;
			children = (
				DA4184FE2791FF59004B1E48 /* Base */,
			);
			name = LaunchScreen.storyboard;
			sourceTree = "<group>";
		};
/* End PBXVariantGroup section */

/* Begin XCBuildConfiguration section */
		DA4185012791FF59004B1E48 /* Debug */ = {
			isa = XCBuildConfiguration;
			buildSettings = {
				ALWAYS_SEARCH_USER_PATHS = NO;
				CLANG_ANALYZER_NONNULL = YES;
				CLANG_ANALYZER_NUMBER_OBJECT_CONVERSION = YES_AGGRESSIVE;
				CLANG_CXX_LANGUAGE_STANDARD = "gnu++17";
				CLANG_CXX_LIBRARY = "libc++";
				CLANG_ENABLE_MODULES = YES;
				CLANG_ENABLE_OBJC_ARC = YES;
				CLANG_ENABLE_OBJC_WEAK = YES;
				CLANG_WARN_BLOCK_CAPTURE_AUTORELEASING = YES;
				CLANG_WARN_BOOL_CONVERSION = YES;
				CLANG_WARN_COMMA = YES;
				CLANG_WARN_CONSTANT_CONVERSION = YES;
				CLANG_WARN_DEPRECATED_OBJC_IMPLEMENTATIONS = YES;
				CLANG_WARN_DIRECT_OBJC_ISA_USAGE = YES_ERROR;
				CLANG_WARN_DOCUMENTATION_COMMENTS = YES;
				CLANG_WARN_EMPTY_BODY = YES;
				CLANG_WARN_ENUM_CONVERSION = YES;
				CLANG_WARN_INFINITE_RECURSION = YES;
				CLANG_WARN_INT_CONVERSION = YES;
				CLANG_WARN_NON_LITERAL_NULL_CONVERSION = YES;
				CLANG_WARN_OBJC_IMPLICIT_RETAIN_SELF = YES;
				CLANG_WARN_OBJC_LITERAL_CONVERSION = YES;
				CLANG_WARN_OBJC_ROOT_CLASS = YES_ERROR;
				CLANG_WARN_QUOTED_INCLUDE_IN_FRAMEWORK_HEADER = YES;
				CLANG_WARN_RANGE_LOOP_ANALYSIS = YES;
				CLANG_WARN_STRICT_PROTOTYPES = YES;
				CLANG_WARN_SUSPICIOUS_MOVE = YES;
				CLANG_WARN_UNGUARDED_AVAILABILITY = YES_AGGRESSIVE;
				CLANG_WARN_UNREACHABLE_CODE = YES;
				CLANG_WARN__DUPLICATE_METHOD_MATCH = YES;
				COPY_PHASE_STRIP = NO;
				DEBUG_INFORMATION_FORMAT = dwarf;
				ENABLE_STRICT_OBJC_MSGSEND = YES;
				ENABLE_TESTABILITY = YES;
				GCC_C_LANGUAGE_STANDARD = gnu11;
				GCC_DYNAMIC_NO_PIC = NO;
				GCC_NO_COMMON_BLOCKS = YES;
				GCC_OPTIMIZATION_LEVEL = 0;
				GCC_PREPROCESSOR_DEFINITIONS = (
					"DEBUG=1",
					"$(inherited)",
				);
				GCC_WARN_64_TO_32_BIT_CONVERSION = YES;
				GCC_WARN_ABOUT_RETURN_TYPE = YES_ERROR;
				GCC_WARN_UNDECLARED_SELECTOR = YES;
				GCC_WARN_UNINITIALIZED_AUTOS = YES_AGGRESSIVE;
				GCC_WARN_UNUSED_FUNCTION = YES;
				GCC_WARN_UNUSED_VARIABLE = YES;
				IPHONEOS_DEPLOYMENT_TARGET = 15.2;
				MTL_ENABLE_DEBUG_INFO = INCLUDE_SOURCE;
				MTL_FAST_MATH = YES;
				ONLY_ACTIVE_ARCH = YES;
				SDKROOT = iphoneos;
				SWIFT_ACTIVE_COMPILATION_CONDITIONS = DEBUG;
				SWIFT_OPTIMIZATION_LEVEL = "-Onone";
			};
			name = Debug;
		};
		DA4185022791FF59004B1E48 /* Release */ = {
			isa = XCBuildConfiguration;
			buildSettings = {
				ALWAYS_SEARCH_USER_PATHS = NO;
				CLANG_ANALYZER_NONNULL = YES;
				CLANG_ANALYZER_NUMBER_OBJECT_CONVERSION = YES_AGGRESSIVE;
				CLANG_CXX_LANGUAGE_STANDARD = "gnu++17";
				CLANG_CXX_LIBRARY = "libc++";
				CLANG_ENABLE_MODULES = YES;
				CLANG_ENABLE_OBJC_ARC = YES;
				CLANG_ENABLE_OBJC_WEAK = YES;
				CLANG_WARN_BLOCK_CAPTURE_AUTORELEASING = YES;
				CLANG_WARN_BOOL_CONVERSION = YES;
				CLANG_WARN_COMMA = YES;
				CLANG_WARN_CONSTANT_CONVERSION = YES;
				CLANG_WARN_DEPRECATED_OBJC_IMPLEMENTATIONS = YES;
				CLANG_WARN_DIRECT_OBJC_ISA_USAGE = YES_ERROR;
				CLANG_WARN_DOCUMENTATION_COMMENTS = YES;
				CLANG_WARN_EMPTY_BODY = YES;
				CLANG_WARN_ENUM_CONVERSION = YES;
				CLANG_WARN_INFINITE_RECURSION = YES;
				CLANG_WARN_INT_CONVERSION = YES;
				CLANG_WARN_NON_LITERAL_NULL_CONVERSION = YES;
				CLANG_WARN_OBJC_IMPLICIT_RETAIN_SELF = YES;
				CLANG_WARN_OBJC_LITERAL_CONVERSION = YES;
				CLANG_WARN_OBJC_ROOT_CLASS = YES_ERROR;
				CLANG_WARN_QUOTED_INCLUDE_IN_FRAMEWORK_HEADER = YES;
				CLANG_WARN_RANGE_LOOP_ANALYSIS = YES;
				CLANG_WARN_STRICT_PROTOTYPES = YES;
				CLANG_WARN_SUSPICIOUS_MOVE = YES;
				CLANG_WARN_UNGUARDED_AVAILABILITY = YES_AGGRESSIVE;
				CLANG_WARN_UNREACHABLE_CODE = YES;
				CLANG_WARN__DUPLICATE_METHOD_MATCH = YES;
				COPY_PHASE_STRIP = NO;
				DEBUG_INFORMATION_FORMAT = "dwarf-with-dsym";
				ENABLE_NS_ASSERTIONS = NO;
				ENABLE_STRICT_OBJC_MSGSEND = YES;
				GCC_C_LANGUAGE_STANDARD = gnu11;
				GCC_NO_COMMON_BLOCKS = YES;
				GCC_WARN_64_TO_32_BIT_CONVERSION = YES;
				GCC_WARN_ABOUT_RETURN_TYPE = YES_ERROR;
				GCC_WARN_UNDECLARED_SELECTOR = YES;
				GCC_WARN_UNINITIALIZED_AUTOS = YES_AGGRESSIVE;
				GCC_WARN_UNUSED_FUNCTION = YES;
				GCC_WARN_UNUSED_VARIABLE = YES;
				IPHONEOS_DEPLOYMENT_TARGET = 15.2;
				MTL_ENABLE_DEBUG_INFO = NO;
				MTL_FAST_MATH = YES;
				SDKROOT = iphoneos;
				SWIFT_COMPILATION_MODE = wholemodule;
				SWIFT_OPTIMIZATION_LEVEL = "-O";
				VALIDATE_PRODUCT = YES;
			};
			name = Release;
		};
		DA4185042791FF59004B1E48 /* Debug */ = {
			isa = XCBuildConfiguration;
			buildSettings = {
				ASSETCATALOG_COMPILER_APPICON_NAME = AppIcon;
				ASSETCATALOG_COMPILER_GLOBAL_ACCENT_COLOR_NAME = AccentColor;
				CODE_SIGN_STYLE = Automatic;
				CURRENT_PROJECT_VERSION = 1;
				GENERATE_INFOPLIST_FILE = YES;
				INFOPLIST_FILE = TheMovieList/SupportingFiles/Info.plist;
				INFOPLIST_KEY_UIApplicationSupportsIndirectInputEvents = YES;
				INFOPLIST_KEY_UILaunchStoryboardName = LaunchScreen;
				INFOPLIST_KEY_UIMainStoryboardFile = Main;
				INFOPLIST_KEY_UISupportedInterfaceOrientations_iPad = "UIInterfaceOrientationPortrait UIInterfaceOrientationPortraitUpsideDown UIInterfaceOrientationLandscapeLeft UIInterfaceOrientationLandscapeRight";
				INFOPLIST_KEY_UISupportedInterfaceOrientations_iPhone = "UIInterfaceOrientationPortrait UIInterfaceOrientationLandscapeLeft UIInterfaceOrientationLandscapeRight";
				LD_RUNPATH_SEARCH_PATHS = (
					"$(inherited)",
					"@executable_path/Frameworks",
				);
				MARKETING_VERSION = 1.0;
				PRODUCT_BUNDLE_IDENTIFIER = com.learnablehw.TheMovieList;
				PRODUCT_NAME = "$(TARGET_NAME)";
				SWIFT_EMIT_LOC_STRINGS = YES;
				SWIFT_VERSION = 5.0;
				TARGETED_DEVICE_FAMILY = "1,2";
			};
			name = Debug;
		};
		DA4185052791FF59004B1E48 /* Release */ = {
			isa = XCBuildConfiguration;
			buildSettings = {
				ASSETCATALOG_COMPILER_APPICON_NAME = AppIcon;
				ASSETCATALOG_COMPILER_GLOBAL_ACCENT_COLOR_NAME = AccentColor;
				CODE_SIGN_STYLE = Automatic;
				CURRENT_PROJECT_VERSION = 1;
				GENERATE_INFOPLIST_FILE = YES;
				INFOPLIST_FILE = TheMovieList/SupportingFiles/Info.plist;
				INFOPLIST_KEY_UIApplicationSupportsIndirectInputEvents = YES;
				INFOPLIST_KEY_UILaunchStoryboardName = LaunchScreen;
				INFOPLIST_KEY_UIMainStoryboardFile = Main;
				INFOPLIST_KEY_UISupportedInterfaceOrientations_iPad = "UIInterfaceOrientationPortrait UIInterfaceOrientationPortraitUpsideDown UIInterfaceOrientationLandscapeLeft UIInterfaceOrientationLandscapeRight";
				INFOPLIST_KEY_UISupportedInterfaceOrientations_iPhone = "UIInterfaceOrientationPortrait UIInterfaceOrientationLandscapeLeft UIInterfaceOrientationLandscapeRight";
				LD_RUNPATH_SEARCH_PATHS = (
					"$(inherited)",
					"@executable_path/Frameworks",
				);
				MARKETING_VERSION = 1.0;
				PRODUCT_BUNDLE_IDENTIFIER = com.learnablehw.TheMovieList;
				PRODUCT_NAME = "$(TARGET_NAME)";
				SWIFT_EMIT_LOC_STRINGS = YES;
				SWIFT_VERSION = 5.0;
				TARGETED_DEVICE_FAMILY = "1,2";
			};
			name = Release;
		};
/* End XCBuildConfiguration section */

/* Begin XCConfigurationList section */
		DA4184EA2791FF56004B1E48 /* Build configuration list for PBXProject "TheMovieList" */ = {
			isa = XCConfigurationList;
			buildConfigurations = (
				DA4185012791FF59004B1E48 /* Debug */,
				DA4185022791FF59004B1E48 /* Release */,
			);
			defaultConfigurationIsVisible = 0;
			defaultConfigurationName = Release;
		};
		DA4185032791FF59004B1E48 /* Build configuration list for PBXNativeTarget "TheMovieList" */ = {
			isa = XCConfigurationList;
			buildConfigurations = (
				DA4185042791FF59004B1E48 /* Debug */,
				DA4185052791FF59004B1E48 /* Release */,
			);
			defaultConfigurationIsVisible = 0;
			defaultConfigurationName = Release;
		};
/* End XCConfigurationList section */
	};
	rootObject = DA4184E72791FF56004B1E48 /* Project object */;
}
